
Microsoft Visual Studio Solution File, Format Version 12.00
Project("{2150E333-8FDC-42A3-9474-1A3956D46DE8}") = "src", "src", "{B3EF1DE3-62D2-4F42-9BE0-3675AAAFCB95}"
EndProject
Project("{2150E333-8FDC-42A3-9474-1A3956D46DE8}") = "test", "test", "{00C946E4-DD08-4183-8B92-31D6F3EF77FB}"
EndProject
Project("{2150E333-8FDC-42A3-9474-1A3956D46DE8}") = "API", "API", "{F78F63A9-27CF-4CC4-8BCF-071BFFF07C43}"
EndProject
Project("{2150E333-8FDC-42A3-9474-1A3956D46DE8}") = "Core", "Core", "{0C760100-6D5C-4157-B1A7-E412243F0F83}"
EndProject
Project("{2150E333-8FDC-42A3-9474-1A3956D46DE8}") = "UI", "UI", "{4D94D891-073A-4F8D-89B5-A2186A35AEA0}"
EndProject
Project("{2150E333-8FDC-42A3-9474-1A3956D46DE8}") = "Infrastructure", "Infrastructure", "{F99E69C9-2C40-4B27-8A54-22C18DC5B7AB}"
EndProject
Project("{2150E333-8FDC-42A3-9474-1A3956D46DE8}") = "Domain", "Domain", "{BE161D7B-4CAD-4F81-BE55-FCC36515929D}"
EndProject
Project("{FAE04EC0-301F-11D3-BF4B-00C04F79EFBC}") = "LMS.Domain", "src\Core\Domain\LMS.Domain\LMS.Domain.csproj", "{9CE4F7B5-0D94-40CC-BBBE-322CDF3FCB26}"
EndProject
Project("{FAE04EC0-301F-11D3-BF4B-00C04F79EFBC}") = "Infrastructure", "src\Infrastructure\Infrastructure.csproj", "{17546F91-C69A-4C7E-9042-BF03C2A34233}"
EndProject
Project("{2150E333-8FDC-42A3-9474-1A3956D46DE8}") = "Application", "Application", "{53316744-F149-4CBB-B8BA-CF35935E8B72}"
EndProject
Project("{FAE04EC0-301F-11D3-BF4B-00C04F79EFBC}") = "LMS.Application", "src\Core\LMS.Application\LMS.Application.csproj", "{9BBAFAB2-DA27-4249-B189-FB981A557FF4}"
	ProjectSection(ProjectDependencies) = postProject
		{9CE4F7B5-0D94-40CC-BBBE-322CDF3FCB26} = {9CE4F7B5-0D94-40CC-BBBE-322CDF3FCB26}
	EndProjectSection
EndProject
Project("{FAE04EC0-301F-11D3-BF4B-00C04F79EFBC}") = "LMS.API", "src\LMS.API\LMS.API.csproj", "{4E8196A4-4FB8-40FD-B2B8-8C6CC2B46FB3}"
EndProject
Global
	GlobalSection(SolutionConfigurationPlatforms) = preSolution
		Debug|Any CPU = Debug|Any CPU
		Release|Any CPU = Release|Any CPU
	EndGlobalSection
	GlobalSection(NestedProjects) = preSolution
		{F78F63A9-27CF-4CC4-8BCF-071BFFF07C43} = {B3EF1DE3-62D2-4F42-9BE0-3675AAAFCB95}
		{0C760100-6D5C-4157-B1A7-E412243F0F83} = {B3EF1DE3-62D2-4F42-9BE0-3675AAAFCB95}
		{4D94D891-073A-4F8D-89B5-A2186A35AEA0} = {B3EF1DE3-62D2-4F42-9BE0-3675AAAFCB95}
		{F99E69C9-2C40-4B27-8A54-22C18DC5B7AB} = {B3EF1DE3-62D2-4F42-9BE0-3675AAAFCB95}
		{BE161D7B-4CAD-4F81-BE55-FCC36515929D} = {0C760100-6D5C-4157-B1A7-E412243F0F83}
		{9CE4F7B5-0D94-40CC-BBBE-322CDF3FCB26} = {BE161D7B-4CAD-4F81-BE55-FCC36515929D}
		{17546F91-C69A-4C7E-9042-BF03C2A34233} = {F99E69C9-2C40-4B27-8A54-22C18DC5B7AB}
		{53316744-F149-4CBB-B8BA-CF35935E8B72} = {0C760100-6D5C-4157-B1A7-E412243F0F83}
		{9BBAFAB2-DA27-4249-B189-FB981A557FF4} = {53316744-F149-4CBB-B8BA-CF35935E8B72}
		{4E8196A4-4FB8-40FD-B2B8-8C6CC2B46FB3} = {F78F63A9-27CF-4CC4-8BCF-071BFFF07C43}
	EndGlobalSection
	GlobalSection(ProjectConfigurationPlatforms) = postSolution
		{9CE4F7B5-0D94-40CC-BBBE-322CDF3FCB26}.Debug|Any CPU.ActiveCfg = Debug|Any CPU
		{9CE4F7B5-0D94-40CC-BBBE-322CDF3FCB26}.Debug|Any CPU.Build.0 = Debug|Any CPU
		{9CE4F7B5-0D94-40CC-BBBE-322CDF3FCB26}.Release|Any CPU.ActiveCfg = Release|Any CPU
		{9CE4F7B5-0D94-40CC-BBBE-322CDF3FCB26}.Release|Any CPU.Build.0 = Release|Any CPU
		{17546F91-C69A-4C7E-9042-BF03C2A34233}.Debug|Any CPU.ActiveCfg = Debug|Any CPU
		{17546F91-C69A-4C7E-9042-BF03C2A34233}.Debug|Any CPU.Build.0 = Debug|Any CPU
		{17546F91-C69A-4C7E-9042-BF03C2A34233}.Release|Any CPU.ActiveCfg = Release|Any CPU
		{17546F91-C69A-4C7E-9042-BF03C2A34233}.Release|Any CPU.Build.0 = Release|Any CPU
		{9BBAFAB2-DA27-4249-B189-FB981A557FF4}.Debug|Any CPU.ActiveCfg = Debug|Any CPU
		{9BBAFAB2-DA27-4249-B189-FB981A557FF4}.Debug|Any CPU.Build.0 = Debug|Any CPU
		{9BBAFAB2-DA27-4249-B189-FB981A557FF4}.Release|Any CPU.ActiveCfg = Release|Any CPU
		{9BBAFAB2-DA27-4249-B189-FB981A557FF4}.Release|Any CPU.Build.0 = Release|Any CPU
		{4E8196A4-4FB8-40FD-B2B8-8C6CC2B46FB3}.Debug|Any CPU.ActiveCfg = Debug|Any CPU
		{4E8196A4-4FB8-40FD-B2B8-8C6CC2B46FB3}.Debug|Any CPU.Build.0 = Debug|Any CPU
		{4E8196A4-4FB8-40FD-B2B8-8C6CC2B46FB3}.Release|Any CPU.ActiveCfg = Release|Any CPU
		{4E8196A4-4FB8-40FD-B2B8-8C6CC2B46FB3}.Release|Any CPU.Build.0 = Release|Any CPU
	EndGlobalSection
EndGlobal
